Microsoft Visual Studio Solution File, Format Version 12.00
# Visual Studio Version 16
VisualStudioVersion = 16.0.28803.202
MinimumVisualStudioVersion = 10.0.40219.1
Project("{8BC9CEB8-8B4A-11D0-8D11-00A0C91BC942}") = "AeSys", "AeSys\AeSys.vcxproj", "{99616C98-7844-41E8-BC1F-B16C4044EB44}"
EndProject
Project("{8BC9CEB8-8B4A-11D0-8D11-00A0C91BC942}") = "ExCommands", "ExCommands\ExCommands.vcxproj", "{B7BB0D34-A6F7-40FB-BD21-C60C17C98775}"
	ProjectSection(ProjectDependencies) = postProject
		{DB729706-20B5-498F-9CBB-37C5ED5AE9A2} = {DB729706-20B5-498F-9CBB-37C5ED5AE9A2}
		{5B709E86-7308-4A78-851D-7C7D1ADAED6D} = {5B709E86-7308-4A78-851D-7C7D1ADAED6D}
	EndProjectSection
EndProject
Project("{8BC9CEB8-8B4A-11D0-8D11-00A0C91BC942}") = "AcIdViewObj", "AcldViewObj\AcIdViewObj.vcxproj", "{DB729706-20B5-498F-9CBB-37C5ED5AE9A2}"
EndProject
Project("{8BC9CEB8-8B4A-11D0-8D11-00A0C91BC942}") = "DbConstraints", "DbConstraints\DbConstraints.vcxproj", "{5B709E86-7308-4A78-851D-7C7D1ADAED6D}"
EndProject
Global
	GlobalSection(SolutionConfigurationPlatforms) = preSolution
		Debug|Win32 = Debug|Win32
		Debug|x64 = Debug|x64
		Release|Win32 = Release|Win32
		Release|x64 = Release|x64
		vc15dlldbg|Win32 = vc15dlldbg|Win32
		vc15dlldbg|x64 = vc15dlldbg|x64
	EndGlobalSection
	GlobalSection(ProjectConfigurationPlatforms) = postSolution
		{99616C98-7844-41E8-BC1F-B16C4044EB44}.Debug|Win32.ActiveCfg = vc15dlldbg|Win32
		{99616C98-7844-41E8-BC1F-B16C4044EB44}.Debug|Win32.Build.0 = vc15dlldbg|Win32
		{99616C98-7844-41E8-BC1F-B16C4044EB44}.Debug|x64.ActiveCfg = vc15dlldbg|Win32
		{99616C98-7844-41E8-BC1F-B16C4044EB44}.Debug|x64.Build.0 = vc15dlldbg|Win32
		{99616C98-7844-41E8-BC1F-B16C4044EB44}.Release|Win32.ActiveCfg = vc15dlldbg|Win32
		{99616C98-7844-41E8-BC1F-B16C4044EB44}.Release|Win32.Build.0 = vc15dlldbg|Win32
		{99616C98-7844-41E8-BC1F-B16C4044EB44}.Release|x64.ActiveCfg = vc15dlldbg|Win32
		{99616C98-7844-41E8-BC1F-B16C4044EB44}.Release|x64.Build.0 = vc15dlldbg|Win32
		{99616C98-7844-41E8-BC1F-B16C4044EB44}.vc15dlldbg|Win32.ActiveCfg = vc15dlldbg|Win32
		{99616C98-7844-41E8-BC1F-B16C4044EB44}.vc15dlldbg|Win32.Build.0 = vc15dlldbg|Win32
		{99616C98-7844-41E8-BC1F-B16C4044EB44}.vc15dlldbg|x64.ActiveCfg = vc15dlldbg|Win32
		{B7BB0D34-A6F7-40FB-BD21-C60C17C98775}.Debug|Win32.ActiveCfg = vc15dlldbg|Win32
		{B7BB0D34-A6F7-40FB-BD21-C60C17C98775}.Debug|Win32.Build.0 = vc15dlldbg|Win32
		{B7BB0D34-A6F7-40FB-BD21-C60C17C98775}.Debug|x64.ActiveCfg = vc15dlldbg|Win32
		{B7BB0D34-A6F7-40FB-BD21-C60C17C98775}.Debug|x64.Build.0 = vc15dlldbg|Win32
		{B7BB0D34-A6F7-40FB-BD21-C60C17C98775}.Release|Win32.ActiveCfg = vc15dlldbg|Win32
		{B7BB0D34-A6F7-40FB-BD21-C60C17C98775}.Release|Win32.Build.0 = vc15dlldbg|Win32
		{B7BB0D34-A6F7-40FB-BD21-C60C17C98775}.Release|x64.ActiveCfg = vc15dlldbg|Win32
		{B7BB0D34-A6F7-40FB-BD21-C60C17C98775}.Release|x64.Build.0 = vc15dlldbg|Win32
		{B7BB0D34-A6F7-40FB-BD21-C60C17C98775}.vc15dlldbg|Win32.ActiveCfg = vc15dlldbg|Win32
		{B7BB0D34-A6F7-40FB-BD21-C60C17C98775}.vc15dlldbg|Win32.Build.0 = vc15dlldbg|Win32
		{B7BB0D34-A6F7-40FB-BD21-C60C17C98775}.vc15dlldbg|x64.ActiveCfg = vc15dlldbg|Win32
		{DB729706-20B5-498F-9CBB-37C5ED5AE9A2}.Debug|Win32.ActiveCfg = vc15dlldbg|Win32
		{DB729706-20B5-498F-9CBB-37C5ED5AE9A2}.Debug|Win32.Build.0 = vc15dlldbg|Win32
		{DB729706-20B5-498F-9CBB-37C5ED5AE9A2}.Debug|x64.ActiveCfg = vc15dlldbg|Win32
		{DB729706-20B5-498F-9CBB-37C5ED5AE9A2}.Debug|x64.Build.0 = vc15dlldbg|Win32
		{DB729706-20B5-498F-9CBB-37C5ED5AE9A2}.Release|Win32.ActiveCfg = vc15dlldbg|Win32
		{DB729706-20B5-498F-9CBB-37C5ED5AE9A2}.Release|Win32.Build.0 = vc15dlldbg|Win32
		{DB729706-20B5-498F-9CBB-37C5ED5AE9A2}.Release|x64.ActiveCfg = vc15dlldbg|Win32
		{DB729706-20B5-498F-9CBB-37C5ED5AE9A2}.Release|x64.Build.0 = vc15dlldbg|Win32
		{DB729706-20B5-498F-9CBB-37C5ED5AE9A2}.vc15dlldbg|Win32.ActiveCfg = vc15dlldbg|Win32
		{DB729706-20B5-498F-9CBB-37C5ED5AE9A2}.vc15dlldbg|Win32.Build.0 = vc15dlldbg|Win32
		{DB729706-20B5-498F-9CBB-37C5ED5AE9A2}.vc15dlldbg|x64.ActiveCfg = vc15dlldbg|Win32
		{5B709E86-7308-4A78-851D-7C7D1ADAED6D}.Debug|Win32.ActiveCfg = vc15dlldbg|Win32
		{5B709E86-7308-4A78-851D-7C7D1ADAED6D}.Debug|Win32.Build.0 = vc15dlldbg|Win32
		{5B709E86-7308-4A78-851D-7C7D1ADAED6D}.Debug|x64.ActiveCfg = vc15dlldbg|Win32
		{5B709E86-7308-4A78-851D-7C7D1ADAED6D}.Debug|x64.Build.0 = vc15dlldbg|Win32
		{5B709E86-7308-4A78-851D-7C7D1ADAED6D}.Release|Win32.ActiveCfg = vc15dlldbg|Win32
		{5B709E86-7308-4A78-851D-7C7D1ADAED6D}.Release|Win32.Build.0 = vc15dlldbg|Win32
		{5B709E86-7308-4A78-851D-7C7D1ADAED6D}.Release|x64.ActiveCfg = vc15dlldbg|Win32
		{5B709E86-7308-4A78-851D-7C7D1ADAED6D}.Release|x64.Build.0 = vc15dlldbg|Win32
		{5B709E86-7308-4A78-851D-7C7D1ADAED6D}.vc15dlldbg|Win32.ActiveCfg = vc15dlldbg|Win32
		{5B709E86-7308-4A78-851D-7C7D1ADAED6D}.vc15dlldbg|Win32.Build.0 = vc15dlldbg|Win32
		{5B709E86-7308-4A78-851D-7C7D1ADAED6D}.vc15dlldbg|x64.ActiveCfg = vc15dlldbg|Win32
	EndGlobalSection
	GlobalSection(SolutionProperties) = preSolution
		HideSolutionNode = FALSE
	EndGlobalSection
	GlobalSection(ExtensibilityGlobals) = postSolution
		SolutionGuid = {276BBE1F-6E4A-4B20-8338-83868E2476D0}
	EndGlobalSection
	GlobalSection(Performance) = preSolution
		HasPerformanceSessions = true
	EndGlobalSection
	GlobalSection(TestCaseManagementSettings) = postSolution
		CategoryFile = Eo.vsmdi
	EndGlobalSection
EndGlobal
