Microsoft Visual Studio Solution File, Format Version 12.00
# Visual Studio Version 16
VisualStudioVersion = 16.0.28803.202
MinimumVisualStudioVersion = 10.0.40219.1
Project("{8BC9CEB8-8B4A-11D0-8D11-00A0C91BC942}") = "AeSys", "AeSys\AeSys.vcxproj", "{99616C98-7844-41E8-BC1F-B16C4044EB44}"
EndProject
Project("{FAE04EC0-301F-11D3-BF4B-00C04F79EFBC}") = "TableGenerator", "Lex\Lex\LexicalAnalysis\TableGenerator.csproj", "{1CA46EF6-31E9-401B-AE99-AC7B6A3092FC}"
EndProject
Global
	GlobalSection(SolutionConfigurationPlatforms) = preSolution
		Debug|Any CPU = Debug|Any CPU
		Debug|Win32 = Debug|Win32
		Debug|x64 = Debug|x64
		Release|Any CPU = Release|Any CPU
		Release|Win32 = Release|Win32
		Release|x64 = Release|x64
		vc15dlldbg|Any CPU = vc15dlldbg|Any CPU
		vc15dlldbg|Win32 = vc15dlldbg|Win32
		vc15dlldbg|x64 = vc15dlldbg|x64
	EndGlobalSection
	GlobalSection(ProjectConfigurationPlatforms) = postSolution
		{99616C98-7844-41E8-BC1F-B16C4044EB44}.Debug|Any CPU.ActiveCfg = vc15dlldbg|Win32
		{99616C98-7844-41E8-BC1F-B16C4044EB44}.Debug|Any CPU.Build.0 = vc15dlldbg|Win32
		{99616C98-7844-41E8-BC1F-B16C4044EB44}.Debug|Win32.ActiveCfg = vc15dlldbg|Win32
		{99616C98-7844-41E8-BC1F-B16C4044EB44}.Debug|Win32.Build.0 = vc15dlldbg|Win32
		{99616C98-7844-41E8-BC1F-B16C4044EB44}.Debug|x64.ActiveCfg = vc15dlldbg|Win32
		{99616C98-7844-41E8-BC1F-B16C4044EB44}.Debug|x64.Build.0 = vc15dlldbg|Win32
		{99616C98-7844-41E8-BC1F-B16C4044EB44}.Release|Any CPU.ActiveCfg = vc15dlldbg|Win32
		{99616C98-7844-41E8-BC1F-B16C4044EB44}.Release|Any CPU.Build.0 = vc15dlldbg|Win32
		{99616C98-7844-41E8-BC1F-B16C4044EB44}.Release|Win32.ActiveCfg = vc15dlldbg|Win32
		{99616C98-7844-41E8-BC1F-B16C4044EB44}.Release|Win32.Build.0 = vc15dlldbg|Win32
		{99616C98-7844-41E8-BC1F-B16C4044EB44}.Release|x64.ActiveCfg = vc15dlldbg|Win32
		{99616C98-7844-41E8-BC1F-B16C4044EB44}.Release|x64.Build.0 = vc15dlldbg|Win32
		{99616C98-7844-41E8-BC1F-B16C4044EB44}.vc15dlldbg|Any CPU.ActiveCfg = vc15dlldbg|Win32
		{99616C98-7844-41E8-BC1F-B16C4044EB44}.vc15dlldbg|Win32.ActiveCfg = vc15dlldbg|Win32
		{99616C98-7844-41E8-BC1F-B16C4044EB44}.vc15dlldbg|Win32.Build.0 = vc15dlldbg|Win32
		{99616C98-7844-41E8-BC1F-B16C4044EB44}.vc15dlldbg|x64.ActiveCfg = vc15dlldbg|Win32
		{1CA46EF6-31E9-401B-AE99-AC7B6A3092FC}.Debug|Any CPU.ActiveCfg = Debug|Any CPU
		{1CA46EF6-31E9-401B-AE99-AC7B6A3092FC}.Debug|Any CPU.Build.0 = Debug|Any CPU
		{1CA46EF6-31E9-401B-AE99-AC7B6A3092FC}.Debug|Win32.ActiveCfg = Debug|Any CPU
		{1CA46EF6-31E9-401B-AE99-AC7B6A3092FC}.Debug|Win32.Build.0 = Debug|Any CPU
		{1CA46EF6-31E9-401B-AE99-AC7B6A3092FC}.Debug|x64.ActiveCfg = Debug|Any CPU
		{1CA46EF6-31E9-401B-AE99-AC7B6A3092FC}.Debug|x64.Build.0 = Debug|Any CPU
		{1CA46EF6-31E9-401B-AE99-AC7B6A3092FC}.Release|Any CPU.ActiveCfg = Release|Any CPU
		{1CA46EF6-31E9-401B-AE99-AC7B6A3092FC}.Release|Any CPU.Build.0 = Release|Any CPU
		{1CA46EF6-31E9-401B-AE99-AC7B6A3092FC}.Release|Win32.ActiveCfg = Release|Any CPU
		{1CA46EF6-31E9-401B-AE99-AC7B6A3092FC}.Release|Win32.Build.0 = Release|Any CPU
		{1CA46EF6-31E9-401B-AE99-AC7B6A3092FC}.Release|x64.ActiveCfg = Release|Any CPU
		{1CA46EF6-31E9-401B-AE99-AC7B6A3092FC}.Release|x64.Build.0 = Release|Any CPU
		{1CA46EF6-31E9-401B-AE99-AC7B6A3092FC}.vc15dlldbg|Any CPU.ActiveCfg = Release|Any CPU
		{1CA46EF6-31E9-401B-AE99-AC7B6A3092FC}.vc15dlldbg|Any CPU.Build.0 = Release|Any CPU
		{1CA46EF6-31E9-401B-AE99-AC7B6A3092FC}.vc15dlldbg|Win32.ActiveCfg = Release|Any CPU
		{1CA46EF6-31E9-401B-AE99-AC7B6A3092FC}.vc15dlldbg|Win32.Build.0 = Release|Any CPU
		{1CA46EF6-31E9-401B-AE99-AC7B6A3092FC}.vc15dlldbg|x64.ActiveCfg = Release|Any CPU
		{1CA46EF6-31E9-401B-AE99-AC7B6A3092FC}.vc15dlldbg|x64.Build.0 = Release|Any CPU
	EndGlobalSection
	GlobalSection(SolutionProperties) = preSolution
		HideSolutionNode = FALSE
	EndGlobalSection
	GlobalSection(ExtensibilityGlobals) = postSolution
		SolutionGuid = {276BBE1F-6E4A-4B20-8338-83868E2476D0}
	EndGlobalSection
	GlobalSection(Performance) = preSolution
		HasPerformanceSessions = true
	EndGlobalSection
	GlobalSection(TestCaseManagementSettings) = postSolution
		CategoryFile = Eo.vsmdi
	EndGlobalSection
EndGlobal
