<?xml version="1.0" encoding="utf-8"?>
<Project ToolsVersion="15.0" xmlns="http://schemas.microsoft.com/developer/msbuild/2003">
  <ItemGroup>
    <ClCompile Include="DbLineGripPoints.cpp">
      <Filter>Source Files</Filter>
    </ClCompile>
    <ClCompile Include="DbTextGripPoints.cpp">
      <Filter>Source Files</Filter>
    </ClCompile>
    <ClCompile Include="DbCircleGripPoints.cpp">
      <Filter>Source Files</Filter>
    </ClCompile>
    <ClCompile Include="DbDimGripPoints.cpp">
      <Filter>Source Files</Filter>
    </ClCompile>
    <ClCompile Include="DbArcGripPoints.cpp">
      <Filter>Source Files</Filter>
    </ClCompile>
    <ClCompile Include="DbPolylineGripPoints.cpp">
      <Filter>Source Files</Filter>
    </ClCompile>
    <ClCompile Include="Db2dPolylineGripPoints.cpp">
      <Filter>Source Files</Filter>
    </ClCompile>
    <ClCompile Include="Db3dPolylineGripPoints.cpp">
      <Filter>Source Files</Filter>
    </ClCompile>
    <ClCompile Include="DbMlineGripPoints.cpp">
      <Filter>Source Files</Filter>
    </ClCompile>
    <ClCompile Include="OdGripPointsModule.cpp">
      <Filter>Source Files</Filter>
    </ClCompile>
    <ClCompile Include="DbEntityGripPoints.cpp">
      <Filter>Source Files</Filter>
    </ClCompile>
    <ClCompile Include="DbBlockReferenceGripPoints.cpp">
      <Filter>Source Files</Filter>
    </ClCompile>
    <ClCompile Include="DbMleaderGripPoints.cpp">
      <Filter>Source Files</Filter>
    </ClCompile>
    <ClCompile Include="DbUnderlayGripPoints.cpp">
      <Filter>Source Files</Filter>
    </ClCompile>
    <ClCompile Include="DbPdfUnderlayGripPoints.cpp">
      <Filter>Source Files</Filter>
    </ClCompile>
    <ClCompile Include="DbDgnUnderlayGripPoints.cpp">
      <Filter>Source Files</Filter>
    </ClCompile>
    <ClCompile Include="DbPolygonMeshGripPoints.cpp">
      <Filter>Source Files</Filter>
    </ClCompile>
    <ClCompile Include="DbRasterImageGripPoints.cpp">
      <Filter>Source Files</Filter>
    </ClCompile>
    <ClCompile Include="DbViewportGripPoints.cpp">
      <Filter>Source Files</Filter>
    </ClCompile>
    <ClCompile Include="DbTraceGripPoints.cpp">
      <Filter>Source Files</Filter>
    </ClCompile>
    <ClCompile Include="DbCameraGripPoints.cpp">
      <Filter>Source Files</Filter>
    </ClCompile>
    <ClCompile Include="DbGeoPositionMarkerGripPoints.cpp">
      <Filter>Source Files</Filter>
    </ClCompile>
    <ClCompile Include="DbOleGripPoints.cpp">
      <Filter>Source Files</Filter>
    </ClCompile>
    <ClCompile Include="DbWipeOutGripPoints.cpp">
      <Filter>Source Files</Filter>
    </ClCompile>
    <ClCompile Include="DbEllipseGripPoints.cpp">
      <Filter>Source Files</Filter>
    </ClCompile>
    <ClCompile Include="DbFaceGripPoints.cpp">
      <Filter>Source Files</Filter>
    </ClCompile>
    <ClCompile Include="DbRotatedDimGripPoints.cpp">
      <Filter>Source Files</Filter>
    </ClCompile>
    <ClCompile Include="DbAlignedDimGripPoints.cpp">
      <Filter>Source Files</Filter>
    </ClCompile>
    <ClCompile Include="DbRadialDimGripPoints.cpp">
      <Filter>Source Files</Filter>
    </ClCompile>
    <ClCompile Include="DbDiametricDimGripPoints.cpp">
      <Filter>Source Files</Filter>
    </ClCompile>
    <ClCompile Include="Db3PointAngularDimGripPoints.cpp">
      <Filter>Source Files</Filter>
    </ClCompile>
    <ClCompile Include="DbOrdinateDimGripPoints.cpp">
      <Filter>Source Files</Filter>
    </ClCompile>
    <ClCompile Include="Db2LineAngularDimGripPoints.cpp">
      <Filter>Source Files</Filter>
    </ClCompile>
    <ClCompile Include="DbArcDimGripPoints.cpp">
      <Filter>Source Files</Filter>
    </ClCompile>
    <ClCompile Include="DbRadialDimLargeGripPoints.cpp">
      <Filter>Source Files</Filter>
    </ClCompile>
    <ClCompile Include="DbSolidGripPoints.cpp">
      <Filter>Source Files</Filter>
    </ClCompile>
  </ItemGroup>
  <ItemGroup>
    <ClInclude Include="OdGripPointsModule.h">
      <Filter>Header Files</Filter>
    </ClInclude>
    <ClInclude Include="DbArcGripPoints.h">
      <Filter>Header Files</Filter>
    </ClInclude>
    <ClInclude Include="DbMlineGripPoints.h">
      <Filter>Header Files</Filter>
    </ClInclude>
    <ClInclude Include="DbLineGripPoints.h">
      <Filter>Header Files</Filter>
    </ClInclude>
    <ClInclude Include="DbTextGripPoints.h">
      <Filter>Header Files</Filter>
    </ClInclude>
    <ClInclude Include="DbCircleGripPoints.h">
      <Filter>Header Files</Filter>
    </ClInclude>
    <ClInclude Include="DbDimGripPoints.h">
      <Filter>Header Files</Filter>
    </ClInclude>
    <ClInclude Include="DbBlockReferenceGripPoints.h">
      <Filter>Header Files</Filter>
    </ClInclude>
    <ClInclude Include="DbEntityGripPoints.h">
      <Filter>Header Files</Filter>
    </ClInclude>
    <ClInclude Include="DbPolylineGripPoints.h">
      <Filter>Header Files</Filter>
    </ClInclude>
    <ClInclude Include="Db2dPolylineGripPoints.h">
      <Filter>Header Files</Filter>
    </ClInclude>
    <ClInclude Include="Db3dPolylineGripPoints.h">
      <Filter>Header Files</Filter>
    </ClInclude>
    <ClInclude Include="DbPolygonMeshGripPoints.h">
      <Filter>Header Files</Filter>
    </ClInclude>
    <ClInclude Include="DbRasterImageGripPoints.h">
      <Filter>Header Files</Filter>
    </ClInclude>
    <ClInclude Include="DbUnderlayGripPoints.h">
      <Filter>Header Files</Filter>
    </ClInclude>
    <ClInclude Include="DbPdfUnderlayGripPoints.h">
      <Filter>Header Files</Filter>
    </ClInclude>
    <ClInclude Include="DbDgnUnderlayGripPoints.h">
      <Filter>Header Files</Filter>
    </ClInclude>
    <ClInclude Include="DbViewportGripPoints.h">
      <Filter>Header Files</Filter>
    </ClInclude>
    <ClInclude Include="DbTraceGripPoints.h">
      <Filter>Header Files</Filter>
    </ClInclude>
    <ClInclude Include="DbCameraGripPoints.h">
      <Filter>Header Files</Filter>
    </ClInclude>
    <ClInclude Include="DbMleaderGripPoints.h">
      <Filter>Header Files</Filter>
    </ClInclude>
    <ClInclude Include="DbGeoPositionMarkerGripPoints.h">
      <Filter>Header Files</Filter>
    </ClInclude>
    <ClInclude Include="DbOleGripPoints.h">
      <Filter>Header Files</Filter>
    </ClInclude>
    <ClInclude Include="DbWipeOutGripPoints.h">
      <Filter>Header Files</Filter>
    </ClInclude>
    <ClInclude Include="DbEllipseGripPoints.h">
      <Filter>Header Files</Filter>
    </ClInclude>
    <ClInclude Include="DbFaceGripPoints.h">
      <Filter>Header Files</Filter>
    </ClInclude>
    <ClInclude Include="resource.h" />
    <ClInclude Include="DbRotatedDimGripPoints.h">
      <Filter>Header Files</Filter>
    </ClInclude>
    <ClInclude Include="DbAlignedDimGripPoints.h">
      <Filter>Header Files</Filter>
    </ClInclude>
    <ClInclude Include="DbRadialDimGripPoints.h">
      <Filter>Header Files</Filter>
    </ClInclude>
    <ClInclude Include="DbDiametricDimGripPoints.h">
      <Filter>Header Files</Filter>
    </ClInclude>
    <ClInclude Include="Db3PointAngularDimGripPoints.h">
      <Filter>Header Files</Filter>
    </ClInclude>
    <ClInclude Include="DbOrdinateDimGripPoints.h">
      <Filter>Header Files</Filter>
    </ClInclude>
    <ClInclude Include="Db2LineAngularDimGripPoints.h" />
    <ClInclude Include="DbArcDimGripPoints.h">
      <Filter>Header Files</Filter>
    </ClInclude>
    <ClInclude Include="DbRadialDimLargeGripPoints.h">
      <Filter>Header Files</Filter>
    </ClInclude>
    <ClInclude Include="DbSolidGripPoints.h">
      <Filter>Header Files</Filter>
    </ClInclude>
  </ItemGroup>
  <ItemGroup>
    <ResourceCompile Include="GripPoints.rc">
      <Filter>Source Files</Filter>
    </ResourceCompile>
  </ItemGroup>
  <ItemGroup>
    <Filter Include="Source Files">
      <UniqueIdentifier>{895D84B6-9900-4F72-9F91-E4DA73526E54}</UniqueIdentifier>
    </Filter>
    <Filter Include="Header Files">
      <UniqueIdentifier>{1B635319-F492-431D-BD73-2F2594522F2D}</UniqueIdentifier>
    </Filter>
  </ItemGroup>
  <ItemGroup>
    <None Include=".clang-format" />
  </ItemGroup>
</Project>