
Microsoft Visual Studio Solution File, Format Version 12.00
# Visual Studio 2012
Project("{FAE04EC0-301F-11D3-BF4B-00C04F79EFBC}") = "TableGenerator", "TableGenerator.csproj", "{1CA46EF6-31E9-401B-AE99-AC7B6A3092FC}"
EndProject
Global
	GlobalSection(SolutionConfigurationPlatforms) = preSolution
		Debug|Any CPU = Debug|Any CPU
		Release|Any CPU = Release|Any CPU
	EndGlobalSection
	GlobalSection(ProjectConfigurationPlatforms) = postSolution
		{1CA46EF6-31E9-401B-AE99-AC7B6A3092FC}.Debug|Any CPU.ActiveCfg = Debug|Any CPU
		{1CA46EF6-31E9-401B-AE99-AC7B6A3092FC}.Debug|Any CPU.Build.0 = Debug|Any CPU
		{1CA46EF6-31E9-401B-AE99-AC7B6A3092FC}.Release|Any CPU.ActiveCfg = Release|Any CPU
		{1CA46EF6-31E9-401B-AE99-AC7B6A3092FC}.Release|Any CPU.Build.0 = Release|Any CPU
	EndGlobalSection
	GlobalSection(SolutionProperties) = preSolution
		HideSolutionNode = FALSE
	EndGlobalSection
EndGlobal
