<?xml version="1.0" encoding="utf-8"?>
<Project ToolsVersion="4.0" xmlns="http://schemas.microsoft.com/developer/msbuild/2003">
  <ItemGroup>
    <Filter Include="Source Files">
      <UniqueIdentifier>{d4d91292-5703-4e61-847e-91e71ed6b5dc}</UniqueIdentifier>
      <Extensions>cpp;c;cc;cxx;def;odl;idl;hpj;bat;asm;asmx</Extensions>
    </Filter>
    <Filter Include="Header Files">
      <UniqueIdentifier>{00d625b8-d40b-4eed-b5ea-89c2a7fb615b}</UniqueIdentifier>
      <Extensions>h;hpp;hxx;hm;inl;inc</Extensions>
    </Filter>
    <Filter Include="Resource Files">
      <UniqueIdentifier>{f1669c80-2573-4bd5-b7d4-a155583442ff}</UniqueIdentifier>
      <Extensions>rc;ico;cur;bmp;dlg;rc2;rct;bin;rgs;jpg;jpeg;jpe;manifest;psf</Extensions>
    </Filter>
    <Filter Include="Resource Files\Bitmaps">
      <UniqueIdentifier>{a7fc97e4-3d63-40a7-a5eb-98a3d7f860c9}</UniqueIdentifier>
    </Filter>
    <Filter Include="Resource Files\Cursors">
      <UniqueIdentifier>{d9705926-06d6-4c27-b97b-6c2e619a1df3}</UniqueIdentifier>
    </Filter>
    <Filter Include="Resource Files\Icons">
      <UniqueIdentifier>{8698164e-803b-4361-8555-35e7aada675d}</UniqueIdentifier>
    </Filter>
    <Filter Include="Source Files\Dialogs">
      <UniqueIdentifier>{7f039b16-041f-40b0-aeb1-ddd8f0b8494b}</UniqueIdentifier>
    </Filter>
    <Filter Include="Source Files\Callbacks">
      <UniqueIdentifier>{320f7349-276d-4376-826b-9cd8895887d9}</UniqueIdentifier>
    </Filter>
    <Filter Include="Header Files\Dialogs">
      <UniqueIdentifier>{d821e470-51d2-421b-9b7f-c2ee661cb37d}</UniqueIdentifier>
    </Filter>
    <Filter Include="Source Files\Kernel ExServices">
      <UniqueIdentifier>{045589f8-f2bf-4a4a-b35a-9fc3415f9476}</UniqueIdentifier>
    </Filter>
    <Filter Include="Source Files\Drawing ExServices">
      <UniqueIdentifier>{2673127c-352e-4a70-9da1-76d9bd245ea3}</UniqueIdentifier>
    </Filter>
    <Filter Include="Source Files\Kernel ExRender">
      <UniqueIdentifier>{713709bd-6c84-4450-a3bc-04131fd744af}</UniqueIdentifier>
    </Filter>
  </ItemGroup>
  <ItemGroup>
    <ClCompile Include="Stdafx.cpp">
      <Filter>Source Files</Filter>
    </ClCompile>
    <ClCompile Include="Section.cpp">
      <Filter>Source Files</Filter>
    </ClCompile>
    <ClCompile Include="PrimState.cpp">
      <Filter>Source Files</Filter>
    </ClCompile>
    <ClCompile Include="ModeLine.cpp">
      <Filter>Source Files</Filter>
    </ClCompile>
    <ClCompile Include="MainFrm.cpp">
      <Filter>Source Files</Filter>
    </ClCompile>
    <ClCompile Include="Lex.cpp">
      <Filter>Source Files</Filter>
    </ClCompile>
    <ClCompile Include="EoViTrapMode.cpp">
      <Filter>Source Files</Filter>
    </ClCompile>
    <ClCompile Include="EoViPrimitiveSubModeMend.cpp">
      <Filter>Source Files</Filter>
    </ClCompile>
    <ClCompile Include="EoViPrimitiveSubModeEdit.cpp">
      <Filter>Source Files</Filter>
    </ClCompile>
    <ClCompile Include="EoViPowerMode.cpp">
      <Filter>Source Files</Filter>
    </ClCompile>
    <ClCompile Include="EoViPipeMode.cpp">
      <Filter>Source Files</Filter>
    </ClCompile>
    <ClCompile Include="EoViNodalMode.cpp">
      <Filter>Source Files</Filter>
    </ClCompile>
    <ClCompile Include="EoViLPDMode.cpp">
      <Filter>Source Files</Filter>
    </ClCompile>
    <ClCompile Include="EoViGroupSubModeEdit.cpp">
      <Filter>Source Files</Filter>
    </ClCompile>
    <ClCompile Include="EoViFixupMode.cpp">
      <Filter>Source Files</Filter>
    </ClCompile>
    <ClCompile Include="EoViEditMode.cpp">
      <Filter>Source Files</Filter>
    </ClCompile>
    <ClCompile Include="EoViDrawMode.cpp">
      <Filter>Source Files</Filter>
    </ClCompile>
    <ClCompile Include="EoViDraw2Mode.cpp">
      <Filter>Source Files</Filter>
    </ClCompile>
    <ClCompile Include="EoViDimensionMode.cpp">
      <Filter>Source Files</Filter>
    </ClCompile>
    <ClCompile Include="EoViCutMode.cpp">
      <Filter>Source Files</Filter>
    </ClCompile>
    <ClCompile Include="EoViAnnotateMode.cpp">
      <Filter>Source Files</Filter>
    </ClCompile>
    <ClCompile Include="EoMfPropertiesDockablePane.cpp">
      <Filter>Source Files</Filter>
    </ClCompile>
    <ClCompile Include="EoMfOutputDockablePane.cpp">
      <Filter>Source Files</Filter>
    </ClCompile>
    <ClCompile Include="EoGePoint3d.cpp">
      <Filter>Source Files</Filter>
    </ClCompile>
    <ClCompile Include="EoDbTrappedGroups.cpp">
      <Filter>Source Files</Filter>
    </ClCompile>
    <ClCompile Include="EoDbText.cpp">
      <Filter>Source Files</Filter>
    </ClCompile>
    <ClCompile Include="EoDbSpline.cpp">
      <Filter>Source Files</Filter>
    </ClCompile>
    <ClCompile Include="EoDbPrimitive.cpp">
      <Filter>Source Files</Filter>
    </ClCompile>
    <ClCompile Include="EoDbPolyline.cpp">
      <Filter>Source Files</Filter>
    </ClCompile>
    <ClCompile Include="EoDbPoint.cpp">
      <Filter>Source Files</Filter>
    </ClCompile>
    <ClCompile Include="EoDbLine.cpp">
      <Filter>Source Files</Filter>
    </ClCompile>
    <ClCompile Include="EoDbGroupList.cpp">
      <Filter>Source Files</Filter>
    </ClCompile>
    <ClCompile Include="EoDbGroup.cpp">
      <Filter>Source Files</Filter>
    </ClCompile>
    <ClCompile Include="EoDbEllipse.cpp">
      <Filter>Source Files</Filter>
    </ClCompile>
    <ClCompile Include="EoDbDimension.cpp">
      <Filter>Source Files</Filter>
    </ClCompile>
    <ClCompile Include="EoDBBlockReference.cpp">
      <Filter>Source Files</Filter>
    </ClCompile>
    <ClCompile Include="EoDbBlock.cpp">
      <Filter>Source Files</Filter>
    </ClCompile>
    <ClCompile Include="EoApOptions.cpp">
      <Filter>Source Files</Filter>
    </ClCompile>
    <ClCompile Include="ChildFrm.cpp">
      <Filter>Source Files</Filter>
    </ClCompile>
    <ClCompile Include="AeSysView.cpp">
      <Filter>Source Files</Filter>
    </ClCompile>
    <ClCompile Include="AeSysDoc.cpp">
      <Filter>Source Files</Filter>
    </ClCompile>
    <ClCompile Include="EoDbLineTypeTable.cpp">
      <Filter>Source Files</Filter>
    </ClCompile>
    <ClCompile Include="EoDbLayer.cpp">
      <Filter>Source Files</Filter>
    </ClCompile>
    <ClCompile Include="EoCtrlColorsButton.cpp">
      <Filter>Source Files</Filter>
    </ClCompile>
    <ClCompile Include="EoViConstraints.cpp">
      <Filter>Source Files</Filter>
    </ClCompile>
    <ClCompile Include="EoDlgEditOptions.cpp">
      <Filter>Source Files\Dialogs</Filter>
    </ClCompile>
    <ClCompile Include="EoDlgFileManage.cpp">
      <Filter>Source Files\Dialogs</Filter>
    </ClCompile>
    <ClCompile Include="EoDlgLowPressureDuctOptions.cpp">
      <Filter>Source Files\Dialogs</Filter>
    </ClCompile>
    <ClCompile Include="EoDlgSetAngle.cpp">
      <Filter>Source Files\Dialogs</Filter>
    </ClCompile>
    <ClCompile Include="EoDlgSetLength.cpp">
      <Filter>Source Files\Dialogs</Filter>
    </ClCompile>
    <ClCompile Include="EoDlgSetScale.cpp">
      <Filter>Source Files\Dialogs</Filter>
    </ClCompile>
    <ClCompile Include="EoDlgSetText.cpp">
      <Filter>Source Files\Dialogs</Filter>
    </ClCompile>
    <ClCompile Include="EoDlgSetUnitsAndPrecision.cpp">
      <Filter>Source Files\Dialogs</Filter>
    </ClCompile>
    <ClCompile Include="EoDlgSetupColor.cpp">
      <Filter>Source Files\Dialogs</Filter>
    </ClCompile>
    <ClCompile Include="EoDlgSetupConstraints.cpp">
      <Filter>Source Files\Dialogs</Filter>
    </ClCompile>
    <ClCompile Include="EoDlgSetupCustomMouseCharacters.cpp">
      <Filter>Source Files\Dialogs</Filter>
    </ClCompile>
    <ClCompile Include="EoDlgSetupLineType.cpp">
      <Filter>Source Files\Dialogs</Filter>
    </ClCompile>
    <ClCompile Include="EoDlgViewZoom.cpp">
      <Filter>Source Files\Dialogs</Filter>
    </ClCompile>
    <ClCompile Include="EoDlgPipeSymbol.cpp">
      <Filter>Source Files\Dialogs</Filter>
    </ClCompile>
    <ClCompile Include="EoDlgPipeOptions.cpp">
      <Filter>Source Files\Dialogs</Filter>
    </ClCompile>
    <ClCompile Include="EoDlgSelectGotoHomePoint.cpp">
      <Filter>Source Files\Dialogs</Filter>
    </ClCompile>
    <ClCompile Include="EoDlgSetHomePoint.cpp">
      <Filter>Source Files\Dialogs</Filter>
    </ClCompile>
    <ClCompile Include="EoDlgAnnotateOptions.cpp">
      <Filter>Source Files\Dialogs</Filter>
    </ClCompile>
    <ClCompile Include="EoDlgLineWeight.cpp">
      <Filter>Source Files\Dialogs</Filter>
    </ClCompile>
    <ClCompile Include="EoDlgSetupNote.cpp">
      <Filter>Source Files\Dialogs</Filter>
    </ClCompile>
    <ClCompile Include="EoDlgSetupHatch.cpp">
      <Filter>Source Files\Dialogs</Filter>
    </ClCompile>
    <ClCompile Include="EoDlgDrawOptions.cpp">
      <Filter>Source Files\Dialogs</Filter>
    </ClCompile>
    <ClCompile Include="EoDlgModeLetter.cpp">
      <Filter>Source Files\Dialogs</Filter>
    </ClCompile>
    <ClCompile Include="EoDlgModeRevise.cpp">
      <Filter>Source Files\Dialogs</Filter>
    </ClCompile>
    <ClCompile Include="EoDlgFixupOptions.cpp">
      <Filter>Source Files\Dialogs</Filter>
    </ClCompile>
    <ClCompile Include="EoDlgSetPastePosition.cpp">
      <Filter>Source Files\Dialogs</Filter>
    </ClCompile>
    <ClCompile Include="EoDlgTrapModify.cpp">
      <Filter>Source Files\Dialogs</Filter>
    </ClCompile>
    <ClCompile Include="EoDlgBlockInsert.cpp">
      <Filter>Source Files\Dialogs</Filter>
    </ClCompile>
    <ClCompile Include="EoDlgTrapFilter.cpp">
      <Filter>Source Files\Dialogs</Filter>
    </ClCompile>
    <ClCompile Include="EoDlgEditTrapCommandsQuery.cpp">
      <Filter>Source Files\Dialogs</Filter>
    </ClCompile>
    <ClCompile Include="EoDlgViewParameters.cpp">
      <Filter>Source Files\Dialogs</Filter>
    </ClCompile>
    <ClCompile Include="EoDlgSelectIsometricView.cpp">
      <Filter>Source Files\Dialogs</Filter>
    </ClCompile>
    <ClCompile Include="OFNHookProcFileTracing.cpp">
      <Filter>Source Files\Callbacks</Filter>
    </ClCompile>
    <ClCompile Include="WndProcPreview.cpp">
      <Filter>Source Files\Callbacks</Filter>
    </ClCompile>
    <ClCompile Include="EoGsAbstractView.cpp">
      <Filter>Source Files</Filter>
    </ClCompile>
    <ClCompile Include="EoGsModelTransform.cpp">
      <Filter>Source Files</Filter>
    </ClCompile>
    <ClCompile Include="EoGsViewTransform.cpp">
      <Filter>Source Files</Filter>
    </ClCompile>
    <ClCompile Include="EoGsViewport.cpp">
      <Filter>Source Files</Filter>
    </ClCompile>
    <ClCompile Include="EoGePoint4d.cpp">
      <Filter>Source Files</Filter>
    </ClCompile>
    <ClCompile Include="EoDbBitmapFile.cpp">
      <Filter>Source Files</Filter>
    </ClCompile>
    <ClCompile Include="EoCtrlFindComboBox.cpp">
      <Filter>Source Files</Filter>
    </ClCompile>
    <ClCompile Include="EoDbJobFile.cpp">
      <Filter>Source Files</Filter>
    </ClCompile>
    <ClCompile Include="EoDbTracingFile.cpp">
      <Filter>Source Files</Filter>
    </ClCompile>
    <ClCompile Include="EoDbPegFile.cpp">
      <Filter>Source Files</Filter>
    </ClCompile>
    <ClCompile Include="EoGeReferenceSystem.cpp">
      <Filter>Source Files</Filter>
    </ClCompile>
    <ClCompile Include="EoDbFontDefinition.cpp">
      <Filter>Source Files</Filter>
    </ClCompile>
    <ClCompile Include="EoDbCharacterCellDefinition.cpp">
      <Filter>Source Files</Filter>
    </ClCompile>
    <ClCompile Include="EoViModelView.cpp">
      <Filter>Source Files</Filter>
    </ClCompile>
    <ClCompile Include="EoDbDwgToPegFile.cpp">
      <Filter>Source Files</Filter>
    </ClCompile>
    <ClCompile Include="EoGePolyline.cpp">
      <Filter>Source Files</Filter>
    </ClCompile>
    <ClCompile Include="EoDbEntityToPrimitiveProtocolExtension.cpp">
      <Filter>Source Files</Filter>
    </ClCompile>
    <ClCompile Include="EoDlgLayerPropertiesManager.cpp">
      <Filter>Source Files\Dialogs</Filter>
    </ClCompile>
    <ClCompile Include="EoGeLineSeg3d.cpp">
      <Filter>Source Files</Filter>
    </ClCompile>
    <ClCompile Include="EoGeMatrix3d.cpp">
      <Filter>Source Files</Filter>
    </ClCompile>
    <ClCompile Include="EoDoBlockTable.cpp">
      <Filter>Source Files</Filter>
    </ClCompile>
    <ClCompile Include="EoGeNurbCurve3d.cpp">
      <Filter>Source Files</Filter>
    </ClCompile>
    <ClCompile Include="EoDbHatch.cpp">
      <Filter>Source Files</Filter>
    </ClCompile>
    <ClCompile Include="EoVaxFloat.cpp">
      <Filter>Source Files</Filter>
    </ClCompile>
    <ClCompile Include="EoDbFile.cpp">
      <Filter>Source Files</Filter>
    </ClCompile>
    <ClCompile Include="EoCtrlBitmapPickerCombo.cpp">
      <Filter>Source Files</Filter>
    </ClCompile>
    <ClCompile Include="EoDlgPlotStyleTableEditor_GeneralPropertyPage.cpp">
      <Filter>Source Files\Dialogs</Filter>
    </ClCompile>
    <ClCompile Include="EoDlgPlotStyleTableEditor_FormViewPropertyPage.cpp">
      <Filter>Source Files\Dialogs</Filter>
    </ClCompile>
    <ClCompile Include="EoDlgPlotStyleTableEditor.cpp">
      <Filter>Source Files\Dialogs</Filter>
    </ClCompile>
    <ClCompile Include="EoDlgPlotStyleEditLineWeight.cpp">
      <Filter>Source Files\Dialogs</Filter>
    </ClCompile>
    <ClCompile Include="EoDlgPageSetup.cpp">
      <Filter>Source Files\Dialogs</Filter>
    </ClCompile>
    <ClCompile Include="EoDlgSetActiveLayout.cpp">
      <Filter>Source Files\Dialogs</Filter>
    </ClCompile>
    <ClCompile Include="EoDlgUserIOConsole.cpp">
      <Filter>Source Files\Dialogs</Filter>
    </ClCompile>
    <ClCompile Include="EoObjectSnapManager.cpp">
      <Filter>Source Files</Filter>
    </ClCompile>
    <ClCompile Include="EoLoadApps.cpp">
      <Filter>Source Files</Filter>
    </ClCompile>
    <ClCompile Include="AeSysApp.cpp">
      <Filter>Source Files</Filter>
    </ClCompile>
    <ClCompile Include="EoDialogResizeHelper.cpp">
      <Filter>Source Files</Filter>
    </ClCompile>
    <ClCompile Include="EoGripperScrollBar.cpp">
      <Filter>Source Files</Filter>
    </ClCompile>
    <ClCompile Include="EoVarDialog.cpp">
      <Filter>Source Files</Filter>
    </ClCompile>
    <ClCompile Include="EoDlgAudit.cpp">
      <Filter>Source Files\Dialogs</Filter>
    </ClCompile>
    <ClCompile Include="EoAppAuditInfo.cpp">
      <Filter>Source Files</Filter>
    </ClCompile>
    <ClCompile Include="EoDlgNamedViews.cpp">
      <Filter>Source Files\Dialogs</Filter>
    </ClCompile>
    <ClCompile Include="EoDlgNewView.cpp">
      <Filter>Source Files\Dialogs</Filter>
    </ClCompile>
    <ClCompile Include="EoOle.cpp">
      <Filter>Source Files</Filter>
    </ClCompile>
    <ClCompile Include="EoPreviewDib.cpp">
      <Filter>Source Files</Filter>
    </ClCompile>
    <ClCompile Include="EoDlgEditProperties.cpp">
      <Filter>Source Files\Dialogs</Filter>
    </ClCompile>
    <ClCompile Include="EoDlgPassword.cpp">
      <Filter>Source Files\Dialogs</Filter>
    </ClCompile>
    <ClCompile Include="..\..\..\..\ODA\15\Drawings_vc15dlldbg\Kernel\Extensions\ExRender\BmpTilesGen.cpp">
      <Filter>Source Files\Kernel ExRender</Filter>
    </ClCompile>
    <ClCompile Include="EoDbHatchPatternTable.cpp">
      <Filter>Source Files</Filter>
    </ClCompile>
    <ClCompile Include="..\..\..\..\ODA\15\Drawings_vc15dlldbg\Kernel\Extensions\ExServices\ExKWIndex.cpp">
      <Filter>Source Files\Kernel ExServices</Filter>
    </ClCompile>
    <ClCompile Include="..\..\..\..\ODA\15\Drawings_vc15dlldbg\Kernel\Extensions\ExServices\ExStringIO.cpp">
      <Filter>Source Files\Kernel ExServices</Filter>
    </ClCompile>
    <ClCompile Include="..\..\..\..\ODA\15\Drawings_vc15dlldbg\Kernel\Extensions\ExServices\ExSystemServices.cpp">
      <Filter>Source Files\Kernel ExServices</Filter>
    </ClCompile>
    <ClCompile Include="..\..\..\..\ODA\15\Drawings_vc15dlldbg\Kernel\Extensions\ExServices\OdFileBuf.cpp">
      <Filter>Source Files\Kernel ExServices</Filter>
    </ClCompile>
    <ClCompile Include="..\..\..\..\ODA\15\Drawings_vc15dlldbg\Kernel\Extensions\ExServices\RxSystemServicesImpl.cpp">
      <Filter>Source Files\Kernel ExServices</Filter>
    </ClCompile>
    <ClCompile Include="EditorObject.cpp">
      <Filter>Source Files</Filter>
    </ClCompile>
    <ClCompile Include="ExGripManager.cpp">
      <Filter>Source Files</Filter>
    </ClCompile>
    <ClCompile Include="OSnapManager.cpp">
      <Filter>Source Files</Filter>
    </ClCompile>
    <ClCompile Include="..\..\..\..\ODA\15\Drawings_vc15dlldbg\Drawing\Extensions\ExServices\ExDbCommandContext.cpp">
      <Filter>Source Files\Drawing ExServices</Filter>
    </ClCompile>
    <ClCompile Include="..\..\..\..\ODA\15\Drawings_vc15dlldbg\Drawing\Extensions\ExServices\ExFileUndoController.cpp">
      <Filter>Source Files\Drawing ExServices</Filter>
    </ClCompile>
    <ClCompile Include="..\..\..\..\ODA\15\Drawings_vc15dlldbg\Drawing\Extensions\ExServices\ExHostAppServices.cpp">
      <Filter>Source Files\Drawing ExServices</Filter>
    </ClCompile>
    <ClCompile Include="..\..\..\..\ODA\15\Drawings_vc15dlldbg\Drawing\Extensions\ExServices\ExPageController.cpp">
      <Filter>Source Files\Drawing ExServices</Filter>
    </ClCompile>
    <ClCompile Include="..\..\..\..\ODA\15\Drawings_vc15dlldbg\Drawing\Extensions\ExServices\ExUndoController.cpp">
      <Filter>Source Files\Drawing ExServices</Filter>
    </ClCompile>
    <ClCompile Include="OdApplicationDocument.cpp">
      <Filter>Source Files</Filter>
    </ClCompile>
  </ItemGroup>
  <ItemGroup>
    <None Include="res\AeSys.rc2">
      <Filter>Resource Files</Filter>
    </None>
    <None Include="res\Simplex.psf">
      <Filter>Resource Files</Filter>
    </None>
    <None Include="res\layer_filters.bmp">
      <Filter>Resource Files\Bitmaps</Filter>
    </None>
    <None Include="res\LayerStates.bmp">
      <Filter>Resource Files\Bitmaps</Filter>
    </None>
    <None Include="res\LayerStates_hc.bmp">
      <Filter>Resource Files\Bitmaps</Filter>
    </None>
    <None Include="res\properties.bmp">
      <Filter>Resource Files\Bitmaps</Filter>
    </None>
    <None Include="res\properties_hc.bmp">
      <Filter>Resource Files\Bitmaps</Filter>
    </None>
    <None Include="res\Toolbar.bmp">
      <Filter>Resource Files\Bitmaps</Filter>
    </None>
    <None Include="res\Toolbar256.bmp">
      <Filter>Resource Files\Bitmaps</Filter>
    </None>
    <None Include="res\TrapRMode.cur">
      <Filter>Resource Files\Cursors</Filter>
    </None>
    <None Include="res\AnnotateMode.cur">
      <Filter>Resource Files\Cursors</Filter>
    </None>
    <None Include="res\CutMode.cur">
      <Filter>Resource Files\Cursors</Filter>
    </None>
    <None Include="res\Draw2Mode.cur">
      <Filter>Resource Files\Cursors</Filter>
    </None>
    <None Include="res\DrawMode.cur">
      <Filter>Resource Files\Cursors</Filter>
    </None>
    <None Include="res\EditMode.cur">
      <Filter>Resource Files\Cursors</Filter>
    </None>
    <None Include="res\FixupMode.cur">
      <Filter>Resource Files\Cursors</Filter>
    </None>
    <None Include="res\NodalMode.cur">
      <Filter>Resource Files\Cursors</Filter>
    </None>
    <None Include="res\DimensionMode.cur">
      <Filter>Resource Files\Cursors</Filter>
    </None>
    <None Include="res\LowPressureDuct.cur">
      <Filter>Resource Files\Cursors</Filter>
    </None>
    <None Include="res\NodalRMode.cur">
      <Filter>Resource Files\Cursors</Filter>
    </None>
    <None Include="res\PipeMode.cur">
      <Filter>Resource Files\Cursors</Filter>
    </None>
    <None Include="res\PowerMode.cur">
      <Filter>Resource Files\Cursors</Filter>
    </None>
    <None Include="res\TrapMode.cur">
      <Filter>Resource Files\Cursors</Filter>
    </None>
    <None Include="res\AeSys.ico">
      <Filter>Resource Files\Icons</Filter>
    </None>
    <None Include="res\AeSys_Gold.ico">
      <Filter>Resource Files\Icons</Filter>
    </None>
    <None Include="res\output_wnd.ico">
      <Filter>Resource Files\Icons</Filter>
    </None>
    <None Include="res\output_wnd_hc.ico">
      <Filter>Resource Files\Icons</Filter>
    </None>
    <None Include="res\properties_wnd.ico">
      <Filter>Resource Files\Icons</Filter>
    </None>
    <None Include="res\properties_wnd_hc.ico">
      <Filter>Resource Files\Icons</Filter>
    </None>
    <None Include="Resource.hm">
      <Filter>Header Files</Filter>
    </None>
    <None Include="..\..\..\..\Autodesk\AutoCAD 2019\UserDataCache\en-us\Support\acad.pat">
      <Filter>Resource Files</Filter>
    </None>
    <None Include="..\..\..\..\Autodesk\AutoCAD 2019\UserDataCache\en-us\Support\acadiso.pat">
      <Filter>Resource Files</Filter>
    </None>
    <None Include="..\..\..\..\Autodesk\AutoCAD 2019\UserDataCache\en-us\Support\acad.lin">
      <Filter>Resource Files</Filter>
    </None>
    <None Include="..\..\..\..\Autodesk\AutoCAD 2019\UserDataCache\en-us\Support\acadiso.lin">
      <Filter>Resource Files</Filter>
    </None>
  </ItemGroup>
  <ItemGroup>
    <ResourceCompile Include="AeSys.rc">
      <Filter>Resource Files</Filter>
    </ResourceCompile>
  </ItemGroup>
  <ItemGroup>
    <ClInclude Include="TargetVer.h">
      <Filter>Header Files</Filter>
    </ClInclude>
    <ClInclude Include="Stdafx.h">
      <Filter>Header Files</Filter>
    </ClInclude>
    <ClInclude Include="Section.h">
      <Filter>Header Files</Filter>
    </ClInclude>
    <ClInclude Include="SafeMath.h">
      <Filter>Header Files</Filter>
    </ClInclude>
    <ClInclude Include="Resource.h">
      <Filter>Header Files</Filter>
    </ClInclude>
    <ClInclude Include="PrimState.h">
      <Filter>Header Files</Filter>
    </ClInclude>
    <ClInclude Include="Preview.h">
      <Filter>Header Files</Filter>
    </ClInclude>
    <ClInclude Include="PegColors.h">
      <Filter>Header Files</Filter>
    </ClInclude>
    <ClInclude Include="MainFrm.h">
      <Filter>Header Files</Filter>
    </ClInclude>
    <ClInclude Include="Lex.h">
      <Filter>Header Files</Filter>
    </ClInclude>
    <ClInclude Include="EoMfPropertiesDockablePane.h">
      <Filter>Header Files</Filter>
    </ClInclude>
    <ClInclude Include="EoMfOutputDockablePane.h">
      <Filter>Header Files</Filter>
    </ClInclude>
    <ClInclude Include="EoGeUniquePoint.h">
      <Filter>Header Files</Filter>
    </ClInclude>
    <ClInclude Include="EoGePoint3d.h">
      <Filter>Header Files</Filter>
    </ClInclude>
    <ClInclude Include="EoDbText.h">
      <Filter>Header Files</Filter>
    </ClInclude>
    <ClInclude Include="EoDbSpline.h">
      <Filter>Header Files</Filter>
    </ClInclude>
    <ClInclude Include="EoDbPrimitive.h">
      <Filter>Header Files</Filter>
    </ClInclude>
    <ClInclude Include="EoDbPolyline.h">
      <Filter>Header Files</Filter>
    </ClInclude>
    <ClInclude Include="EoDbPoint.h">
      <Filter>Header Files</Filter>
    </ClInclude>
    <ClInclude Include="EoDbMaskedPrimitive.h">
      <Filter>Header Files</Filter>
    </ClInclude>
    <ClInclude Include="EoDbLine.h">
      <Filter>Header Files</Filter>
    </ClInclude>
    <ClInclude Include="EoDbGroupList.h">
      <Filter>Header Files</Filter>
    </ClInclude>
    <ClInclude Include="EoDbGroup.h">
      <Filter>Header Files</Filter>
    </ClInclude>
    <ClInclude Include="EoDbEllipse.h">
      <Filter>Header Files</Filter>
    </ClInclude>
    <ClInclude Include="EoDbDimension.h">
      <Filter>Header Files</Filter>
    </ClInclude>
    <ClInclude Include="EoDbBlockReference.h">
      <Filter>Header Files</Filter>
    </ClInclude>
    <ClInclude Include="EoDbBlock.h">
      <Filter>Header Files</Filter>
    </ClInclude>
    <ClInclude Include="EoApOptions.h">
      <Filter>Header Files</Filter>
    </ClInclude>
    <ClInclude Include="ChildFrm.h">
      <Filter>Header Files</Filter>
    </ClInclude>
    <ClInclude Include="AeSysView.h">
      <Filter>Header Files</Filter>
    </ClInclude>
    <ClInclude Include="AeSysDoc.h">
      <Filter>Header Files</Filter>
    </ClInclude>
    <ClInclude Include="EoDbLineTypeTable.h">
      <Filter>Header Files</Filter>
    </ClInclude>
    <ClInclude Include="EoDbLayer.h">
      <Filter>Header Files</Filter>
    </ClInclude>
    <ClInclude Include="EoCtrlColorsButton.h">
      <Filter>Header Files</Filter>
    </ClInclude>
    <ClInclude Include="EoDlgAnnotateOptions.h">
      <Filter>Header Files\Dialogs</Filter>
    </ClInclude>
    <ClInclude Include="EoDlgEditOptions.h">
      <Filter>Header Files\Dialogs</Filter>
    </ClInclude>
    <ClInclude Include="EoDlgFileManage.h">
      <Filter>Header Files\Dialogs</Filter>
    </ClInclude>
    <ClInclude Include="EoDlgLowPressureDuctOptions.h">
      <Filter>Header Files\Dialogs</Filter>
    </ClInclude>
    <ClInclude Include="EoDlgSetAngle.h">
      <Filter>Header Files\Dialogs</Filter>
    </ClInclude>
    <ClInclude Include="EoDlgSetLength.h">
      <Filter>Header Files\Dialogs</Filter>
    </ClInclude>
    <ClInclude Include="EoDlgSetScale.h">
      <Filter>Header Files\Dialogs</Filter>
    </ClInclude>
    <ClInclude Include="EoDlgSetText.h">
      <Filter>Header Files\Dialogs</Filter>
    </ClInclude>
    <ClInclude Include="EoDlgSetUnitsAndPrecision.h">
      <Filter>Header Files\Dialogs</Filter>
    </ClInclude>
    <ClInclude Include="EoDlgSetupColor.h">
      <Filter>Header Files\Dialogs</Filter>
    </ClInclude>
    <ClInclude Include="EoDlgSetupConstraints.h">
      <Filter>Header Files\Dialogs</Filter>
    </ClInclude>
    <ClInclude Include="EoDlgSetupCustomMouseCharacters.h">
      <Filter>Header Files\Dialogs</Filter>
    </ClInclude>
    <ClInclude Include="EoDlgSetupLineType.h">
      <Filter>Header Files\Dialogs</Filter>
    </ClInclude>
    <ClInclude Include="EoDlgViewZoom.h">
      <Filter>Header Files\Dialogs</Filter>
    </ClInclude>
    <ClInclude Include="EoDlgPipeSymbol.h">
      <Filter>Header Files\Dialogs</Filter>
    </ClInclude>
    <ClInclude Include="EoDlgPipeOptions.h">
      <Filter>Header Files\Dialogs</Filter>
    </ClInclude>
    <ClInclude Include="EoDlgSelectGotoHomePoint.h">
      <Filter>Header Files\Dialogs</Filter>
    </ClInclude>
    <ClInclude Include="EoDlgSetHomePoint.h">
      <Filter>Header Files\Dialogs</Filter>
    </ClInclude>
    <ClInclude Include="EoDlgLineWeight.h">
      <Filter>Header Files\Dialogs</Filter>
    </ClInclude>
    <ClInclude Include="EoDlgSetupNote.h">
      <Filter>Header Files\Dialogs</Filter>
    </ClInclude>
    <ClInclude Include="EoDlgDrawOptions.h">
      <Filter>Header Files\Dialogs</Filter>
    </ClInclude>
    <ClInclude Include="EoDlgModeLetter.h">
      <Filter>Header Files\Dialogs</Filter>
    </ClInclude>
    <ClInclude Include="EoDlgModeRevise.h">
      <Filter>Header Files\Dialogs</Filter>
    </ClInclude>
    <ClInclude Include="EoDlgFixupOptions.h">
      <Filter>Header Files\Dialogs</Filter>
    </ClInclude>
    <ClInclude Include="EoDlgSetPastePosition.h">
      <Filter>Header Files\Dialogs</Filter>
    </ClInclude>
    <ClInclude Include="EoDlgTrapModify.h">
      <Filter>Header Files\Dialogs</Filter>
    </ClInclude>
    <ClInclude Include="EoDlgBlockInsert.h">
      <Filter>Header Files\Dialogs</Filter>
    </ClInclude>
    <ClInclude Include="EoDlgTrapFilter.h">
      <Filter>Header Files\Dialogs</Filter>
    </ClInclude>
    <ClInclude Include="EoDlgEditTrapCommandsQuery.h">
      <Filter>Header Files\Dialogs</Filter>
    </ClInclude>
    <ClInclude Include="EoDlgViewParameters.h">
      <Filter>Header Files\Dialogs</Filter>
    </ClInclude>
    <ClInclude Include="EoDlgSelectIsometricView.h">
      <Filter>Header Files\Dialogs</Filter>
    </ClInclude>
    <ClInclude Include="EoDlgLayerPropertiesManager.h">
      <Filter>Header Files\Dialogs</Filter>
    </ClInclude>
    <ClInclude Include="EoGsAbstractView.h">
      <Filter>Header Files</Filter>
    </ClInclude>
    <ClInclude Include="EoGsModelTransform.h">
      <Filter>Header Files</Filter>
    </ClInclude>
    <ClInclude Include="EoGsViewTransform.h">
      <Filter>Header Files</Filter>
    </ClInclude>
    <ClInclude Include="EoGsViewport.h">
      <Filter>Header Files</Filter>
    </ClInclude>
    <ClInclude Include="EoGePoint4d.h">
      <Filter>Header Files</Filter>
    </ClInclude>
    <ClInclude Include="EoDbBitmapFile.h">
      <Filter>Header Files</Filter>
    </ClInclude>
    <ClInclude Include="EoCtrlFindComboBox.h">
      <Filter>Header Files</Filter>
    </ClInclude>
    <ClInclude Include="EoDbJobFile.h">
      <Filter>Header Files</Filter>
    </ClInclude>
    <ClInclude Include="EoDbTracingFile.h">
      <Filter>Header Files</Filter>
    </ClInclude>
    <ClInclude Include="EoDbPegFile.h">
      <Filter>Header Files</Filter>
    </ClInclude>
    <ClInclude Include="EoGeReferenceSystem.h">
      <Filter>Header Files</Filter>
    </ClInclude>
    <ClInclude Include="EoDbFontDefinition.h">
      <Filter>Header Files</Filter>
    </ClInclude>
    <ClInclude Include="EoDbCharacterCellDefinition.h">
      <Filter>Header Files</Filter>
    </ClInclude>
    <ClInclude Include="EoDbDwgToPegFile.h">
      <Filter>Header Files</Filter>
    </ClInclude>
    <ClInclude Include="EoGePolyline.h">
      <Filter>Header Files</Filter>
    </ClInclude>
    <ClInclude Include="eodb.h">
      <Filter>Header Files</Filter>
    </ClInclude>
    <ClInclude Include="EoDbEntityToPrimitiveProtocolExtension.h">
      <Filter>Header Files</Filter>
    </ClInclude>
    <ClInclude Include="EoDlgSetupHatch.h">
      <Filter>Header Files\Dialogs</Filter>
    </ClInclude>
    <ClInclude Include="EoGeLineSeg3d.h">
      <Filter>Header Files</Filter>
    </ClInclude>
    <ClInclude Include="EoGeMatrix3d.h">
      <Filter>Header Files</Filter>
    </ClInclude>
    <ClInclude Include="EoGeNurbCurve3d.h">
      <Filter>Header Files</Filter>
    </ClInclude>
    <ClInclude Include="EoDbHatch.h">
      <Filter>Header Files</Filter>
    </ClInclude>
    <ClInclude Include="EoVaxFloat.h">
      <Filter>Header Files</Filter>
    </ClInclude>
    <ClInclude Include="EoDbFile.h">
      <Filter>Header Files</Filter>
    </ClInclude>
    <ClInclude Include="EoCtrlBitmapPickerCombo.h">
      <Filter>Header Files</Filter>
    </ClInclude>
    <ClInclude Include="EoDlgPlotStyleTableEditor_GeneralPropertyPage.h">
      <Filter>Header Files\Dialogs</Filter>
    </ClInclude>
    <ClInclude Include="EoDlgPlotStyleTableEditor_FormViewPropertyPage.h">
      <Filter>Header Files\Dialogs</Filter>
    </ClInclude>
    <ClInclude Include="EoDlgPlotStyleTableEditor.h">
      <Filter>Header Files\Dialogs</Filter>
    </ClInclude>
    <ClInclude Include="EoDlgPlotStyleEditLineweight.h">
      <Filter>Header Files\Dialogs</Filter>
    </ClInclude>
    <ClInclude Include="EoDlgPageSetup.h">
      <Filter>Header Files\Dialogs</Filter>
    </ClInclude>
    <ClInclude Include="EoDlgSetActiveLayout.h">
      <Filter>Header Files\Dialogs</Filter>
    </ClInclude>
    <ClInclude Include="EoDlgUserIOConsole.h">
      <Filter>Header Files\Dialogs</Filter>
    </ClInclude>
    <ClInclude Include="EoObjectSnapManager.h">
      <Filter>Header Files</Filter>
    </ClInclude>
    <ClInclude Include="EoLoadApps.h">
      <Filter>Header Files</Filter>
    </ClInclude>
    <ClInclude Include="AeSysApp.h">
      <Filter>Header Files</Filter>
    </ClInclude>
    <ClInclude Include="EoDialogResizeHelper.h">
      <Filter>Header Files</Filter>
    </ClInclude>
    <ClInclude Include="EoGripperScrollBar.h">
      <Filter>Header Files</Filter>
    </ClInclude>
    <ClInclude Include="EoVarDialog.h">
      <Filter>Header Files</Filter>
    </ClInclude>
    <ClInclude Include="EoDlgAudit.h">
      <Filter>Header Files\Dialogs</Filter>
    </ClInclude>
    <ClInclude Include="EoAppAuditInfo.h">
      <Filter>Header Files</Filter>
    </ClInclude>
    <ClInclude Include="EoDlgNamedViews.h">
      <Filter>Header Files\Dialogs</Filter>
    </ClInclude>
    <ClInclude Include="EoDlgNewView.h">
      <Filter>Header Files\Dialogs</Filter>
    </ClInclude>
    <ClInclude Include="EoPreviewDib.h">
      <Filter>Header Files</Filter>
    </ClInclude>
    <ClInclude Include="EoDlgEditProperties.h">
      <Filter>Header Files\Dialogs</Filter>
    </ClInclude>
    <ClInclude Include="EoDlgPassword.h">
      <Filter>Header Files\Dialogs</Filter>
    </ClInclude>
    <ClInclude Include="EoDbHatchPatternTable.h">
      <Filter>Header Files</Filter>
    </ClInclude>
    <ClInclude Include="framework.h">
      <Filter>Header Files</Filter>
    </ClInclude>
    <ClInclude Include="EditorObject.h">
      <Filter>Header Files</Filter>
    </ClInclude>
    <ClInclude Include="ExGripManager.h">
      <Filter>Header Files</Filter>
    </ClInclude>
    <ClInclude Include="OSnapManager.h">
      <Filter>Header Files</Filter>
    </ClInclude>
    <ClInclude Include="OdApplication.h">
      <Filter>Header Files</Filter>
    </ClInclude>
    <ClInclude Include="OdApplicationImpl.h">
      <Filter>Header Files</Filter>
    </ClInclude>
  </ItemGroup>
  <ItemGroup>
    <Image Include="res\psbmpchk.bmp">
      <Filter>Resource Files\Bitmaps</Filter>
    </Image>
    <Image Include="res\psbmpctb.bmp">
      <Filter>Resource Files\Bitmaps</Filter>
    </Image>
    <Image Include="res\psbmpwht.bmp">
      <Filter>Resource Files\Bitmaps</Filter>
    </Image>
    <Image Include="res\bitmap1.bmp">
      <Filter>Resource Files\Bitmaps</Filter>
    </Image>
    <Image Include="res\psbmpstb.bmp">
      <Filter>Resource Files\Bitmaps</Filter>
    </Image>
  </ItemGroup>
  <ItemGroup>
    <Text Include="..\vc15dlldbg\res\Hatches\DefaultSet.pat">
      <Filter>Resource Files</Filter>
    </Text>
  </ItemGroup>
</Project>